
Microsoft Visual Studio Solution File, Format Version 12.00
# Visual Studio Version 16
VisualStudioVersion = 16.0.30517.126
MinimumVisualStudioVersion = 10.0.40219.1
Project("{9A19103F-16F7-4668-BE54-9A1E7A4F7556}") = "CSharp", "CSharp.csproj", "{D5B91B23-4AFF-4275-B134-766BDBB785BC}"
EndProject
Global
	GlobalSection(SolutionConfigurationPlatforms) = preSolution
		Debug|Any CPU = Debug|Any CPU
		Release|Any CPU = Release|Any CPU
	EndGlobalSection
	GlobalSection(ProjectConfigurationPlatforms) = postSolution
		{D5B91B23-4AFF-4275-B134-766BDBB785BC}.Debug|Any CPU.ActiveCfg = Debug|Any CPU
		{D5B91B23-4AFF-4275-B134-766BDBB785BC}.Debug|Any CPU.Build.0 = Debug|Any CPU
		{D5B91B23-4AFF-4275-B134-766BDBB785BC}.Release|Any CPU.ActiveCfg = Release|Any CPU
		{D5B91B23-4AFF-4275-B134-766BDBB785BC}.Release|Any CPU.Build.0 = Release|Any CPU
	EndGlobalSection
	GlobalSection(SolutionProperties) = preSolution
		HideSolutionNode = FALSE
	EndGlobalSection
	GlobalSection(ExtensibilityGlobals) = postSolution
		SolutionGuid = {A3112B6E-5050-46C1-ABA1-0D4A9714765E}
	EndGlobalSection
EndGlobal
