
Microsoft Visual Studio Solution File, Format Version 12.00
# Visual Studio Version 16
VisualStudioVersion = 16.0.29806.167
MinimumVisualStudioVersion = 10.0.40219.1
Project("{9A19103F-16F7-4668-BE54-9A1E7A4F7556}") = "lexer-as-parser", "lexer-as-parser.csproj", "{D197B14D-6E7E-44BC-B28D-FE6F06AC44FD}"
EndProject
Global
	GlobalSection(SolutionConfigurationPlatforms) = preSolution
		Debug|Any CPU = Debug|Any CPU
		Release|Any CPU = Release|Any CPU
	EndGlobalSection
	GlobalSection(ProjectConfigurationPlatforms) = postSolution
		{D197B14D-6E7E-44BC-B28D-FE6F06AC44FD}.Debug|Any CPU.ActiveCfg = Debug|Any CPU
		{D197B14D-6E7E-44BC-B28D-FE6F06AC44FD}.Debug|Any CPU.Build.0 = Debug|Any CPU
		{D197B14D-6E7E-44BC-B28D-FE6F06AC44FD}.Release|Any CPU.ActiveCfg = Release|Any CPU
		{D197B14D-6E7E-44BC-B28D-FE6F06AC44FD}.Release|Any CPU.Build.0 = Release|Any CPU
	EndGlobalSection
	GlobalSection(SolutionProperties) = preSolution
		HideSolutionNode = FALSE
	EndGlobalSection
	GlobalSection(ExtensibilityGlobals) = postSolution
		SolutionGuid = {5CA02498-8FE6-4508-BDC9-4FC35FF60F4B}
	EndGlobalSection
EndGlobal
