
Microsoft Visual Studio Solution File, Format Version 12.00
# Visual Studio Version 16
VisualStudioVersion = 16.0.30225.117
MinimumVisualStudioVersion = 10.0.40219.1
Project("{9A19103F-16F7-4668-BE54-9A1E7A4F7556}") = "Binary", "Binary.csproj", "{22DA4852-C550-438C-8062-52B10F375EAB}"
EndProject
Global
	GlobalSection(SolutionConfigurationPlatforms) = preSolution
		Debug|Any CPU = Debug|Any CPU
		Release|Any CPU = Release|Any CPU
	EndGlobalSection
	GlobalSection(ProjectConfigurationPlatforms) = postSolution
		{22DA4852-C550-438C-8062-52B10F375EAB}.Debug|Any CPU.ActiveCfg = Debug|Any CPU
		{22DA4852-C550-438C-8062-52B10F375EAB}.Debug|Any CPU.Build.0 = Debug|Any CPU
		{22DA4852-C550-438C-8062-52B10F375EAB}.Release|Any CPU.ActiveCfg = Release|Any CPU
		{22DA4852-C550-438C-8062-52B10F375EAB}.Release|Any CPU.Build.0 = Release|Any CPU
	EndGlobalSection
	GlobalSection(SolutionProperties) = preSolution
		HideSolutionNode = FALSE
	EndGlobalSection
	GlobalSection(ExtensibilityGlobals) = postSolution
		SolutionGuid = {6DC20EE0-4F61-47A1-9723-5F39E2DD0717}
	EndGlobalSection
EndGlobal
